{
  "name": "apiease",
  "version": "0.1.1",
  "lockfileVersion": 3,
  "requires": true,
  "packages": {
    "": {
      "name": "apiease",
      "version": "0.1.1",
      "license": "MIT",
      "bin": {
        "apiease": "bin/apiease-cli"
      },
      "engines": {
        "node": ">=20"
      }
    }
  }
}
